{
  "name": "laptrinhweb",
  "lockfileVersion": 2,
  "requires": true,
  "packages": {
    "": {
      "dependencies": {
        "cooltipz-css": "^2.1.1",
        "gsap": "^3.11.4"
      }
    },
    "node_modules/cooltipz-css": {
      "version": "2.1.1",
      "resolved": "https://registry.npmjs.org/cooltipz-css/-/cooltipz-css-2.1.1.tgz",
      "integrity": "sha512-pGslpNaof2og7uuaAm6Q6P8OPGXrgFEE+Fs8xoX63iLshyxlaSd97qSA/ODgaRdaEnNNutX1eqZQdp69jVc0MQ==",
      "engines": {
        "node": ">=16",
        "npm": ">=8"
      },
      "peerDependencies": {
        "sass": "1.x"
      },
      "peerDependenciesMeta": {
        "sass": {
          "optional": true
        }
      }
    },
    "node_modules/gsap": {
      "version": "3.11.4",
      "resolved": "https://registry.npmjs.org/gsap/-/gsap-3.11.4.tgz",
      "integrity": "sha512-McHhEguHyExMMnjqKA8G+7TvxmlKQGMbjgwAilnFe1e4id7V/tFveRQ2YMZhTYu0oxHGWvbPltdVYQOu3z1SCA=="
    }
  },
  "dependencies": {
    "cooltipz-css": {
      "version": "2.1.1",
      "resolved": "https://registry.npmjs.org/cooltipz-css/-/cooltipz-css-2.1.1.tgz",
      "integrity": "sha512-pGslpNaof2og7uuaAm6Q6P8OPGXrgFEE+Fs8xoX63iLshyxlaSd97qSA/ODgaRdaEnNNutX1eqZQdp69jVc0MQ==",
      "requires": {}
    },
    "gsap": {
      "version": "3.11.4",
      "resolved": "https://registry.npmjs.org/gsap/-/gsap-3.11.4.tgz",
      "integrity": "sha512-McHhEguHyExMMnjqKA8G+7TvxmlKQGMbjgwAilnFe1e4id7V/tFveRQ2YMZhTYu0oxHGWvbPltdVYQOu3z1SCA=="
    }
  }
}
